
Microsoft Visual Studio Solution File, Format Version 12.00
# Visual Studio Version 17
VisualStudioVersion = 17.0.31903.59
MinimumVisualStudioVersion = 10.0.40219.1
Project("{FAE04EC0-301F-11D3-BF4B-00C04F79EFBC}") = "ccwc", "src\ccwc.csproj", "{F64D63C0-9057-47F9-BCB1-A7946C7E6CE1}"
EndProject
Project("{FAE04EC0-301F-11D3-BF4B-00C04F79EFBC}") = "test", "test\test.csproj", "{48E89A29-E4EB-4FE9-8FBF-0D87CD1FD1AB}"
EndProject
Global
	GlobalSection(SolutionConfigurationPlatforms) = preSolution
		Debug|Any CPU = Debug|Any CPU
		Release|Any CPU = Release|Any CPU
	EndGlobalSection
	GlobalSection(SolutionProperties) = preSolution
		HideSolutionNode = FALSE
	EndGlobalSection
	GlobalSection(ProjectConfigurationPlatforms) = postSolution
		{F64D63C0-9057-47F9-BCB1-A7946C7E6CE1}.Debug|Any CPU.ActiveCfg = Debug|Any CPU
		{F64D63C0-9057-47F9-BCB1-A7946C7E6CE1}.Debug|Any CPU.Build.0 = Debug|Any CPU
		{F64D63C0-9057-47F9-BCB1-A7946C7E6CE1}.Release|Any CPU.ActiveCfg = Release|Any CPU
		{F64D63C0-9057-47F9-BCB1-A7946C7E6CE1}.Release|Any CPU.Build.0 = Release|Any CPU
		{48E89A29-E4EB-4FE9-8FBF-0D87CD1FD1AB}.Debug|Any CPU.ActiveCfg = Debug|Any CPU
		{48E89A29-E4EB-4FE9-8FBF-0D87CD1FD1AB}.Debug|Any CPU.Build.0 = Debug|Any CPU
		{48E89A29-E4EB-4FE9-8FBF-0D87CD1FD1AB}.Release|Any CPU.ActiveCfg = Release|Any CPU
		{48E89A29-E4EB-4FE9-8FBF-0D87CD1FD1AB}.Release|Any CPU.Build.0 = Release|Any CPU
	EndGlobalSection
EndGlobal
